
Microsoft Visual Studio Solution File, Format Version 12.00
# Visual Studio 2013
VisualStudioVersion = 12.0.21005.1
MinimumVisualStudioVersion = 10.0.40219.1
Project("{FAE04EC0-301F-11D3-BF4B-00C04F79EFBC}") = "DIP", "DIP\DIP.csproj", "{5BB4C16C-CF0D-4D60-A4CE-B5798319F036}"
EndProject
Project("{FAE04EC0-301F-11D3-BF4B-00C04F79EFBC}") = "FactoryMethod", "FactoryMethod\FactoryMethod.csproj", "{9615523F-5EA3-412D-AE34-3F3693881911}"
EndProject
Project("{FAE04EC0-301F-11D3-BF4B-00C04F79EFBC}") = "SimpleFactory", "SimpleFactory\SimpleFactory.csproj", "{BC617609-3DB9-4E4B-95AB-A83FF9B713DC}"
EndProject
Project("{FAE04EC0-301F-11D3-BF4B-00C04F79EFBC}") = "AbstractFactory", "AbstractFactory\AbstractFactory.csproj", "{CEFA266C-F242-416C-B736-5E0E85663742}"
EndProject
Project("{FAE04EC0-301F-11D3-BF4B-00C04F79EFBC}") = "1.BeforeFactory", "BeforeFactory\1.BeforeFactory.csproj", "{16F12127-70C5-473C-80DD-C0BA6B36AF90}"
EndProject
Project("{FAE04EC0-301F-11D3-BF4B-00C04F79EFBC}") = "BuilderPattern", "BuilderPattern\BuilderPattern.csproj", "{CA056E8E-394B-4A90-9306-67996A8908FC}"
EndProject
Project("{FAE04EC0-301F-11D3-BF4B-00C04F79EFBC}") = "PrototypePattern", "PrototypePattern\PrototypePattern.csproj", "{36B3936B-10AA-4899-87AF-06F011EE9F58}"
EndProject
Project("{FAE04EC0-301F-11D3-BF4B-00C04F79EFBC}") = "AdapterPattern", "AdapterPattern\AdapterPattern.csproj", "{9DE40A81-9052-49EB-92D0-0403B706633A}"
EndProject
Project("{FAE04EC0-301F-11D3-BF4B-00C04F79EFBC}") = "BridgePattern", "BridgePartern\BridgePattern.csproj", "{2445F5FE-F297-40A1-9ABF-0E35E3EC53E4}"
EndProject
Project("{FAE04EC0-301F-11D3-BF4B-00C04F79EFBC}") = "CompositePattern", "CompositePartern\CompositePattern.csproj", "{4559D6BA-67E6-474F-B1FE-574C3850359B}"
EndProject
Project("{FAE04EC0-301F-11D3-BF4B-00C04F79EFBC}") = "DecoratorPartern", "DecoratorPartern\DecoratorPartern.csproj", "{0951300B-B018-48D8-8C00-30A447CA098C}"
EndProject
Project("{FAE04EC0-301F-11D3-BF4B-00C04F79EFBC}") = "FacadePattern", "FacadePattern\FacadePattern.csproj", "{1BAFE339-D335-410D-9087-1F1FD61A1D39}"
EndProject
Global
	GlobalSection(SolutionConfigurationPlatforms) = preSolution
		Debug|Any CPU = Debug|Any CPU
		Release|Any CPU = Release|Any CPU
	EndGlobalSection
	GlobalSection(ProjectConfigurationPlatforms) = postSolution
		{5BB4C16C-CF0D-4D60-A4CE-B5798319F036}.Debug|Any CPU.ActiveCfg = Debug|Any CPU
		{5BB4C16C-CF0D-4D60-A4CE-B5798319F036}.Debug|Any CPU.Build.0 = Debug|Any CPU
		{5BB4C16C-CF0D-4D60-A4CE-B5798319F036}.Release|Any CPU.ActiveCfg = Release|Any CPU
		{5BB4C16C-CF0D-4D60-A4CE-B5798319F036}.Release|Any CPU.Build.0 = Release|Any CPU
		{9615523F-5EA3-412D-AE34-3F3693881911}.Debug|Any CPU.ActiveCfg = Debug|Any CPU
		{9615523F-5EA3-412D-AE34-3F3693881911}.Debug|Any CPU.Build.0 = Debug|Any CPU
		{9615523F-5EA3-412D-AE34-3F3693881911}.Release|Any CPU.ActiveCfg = Release|Any CPU
		{9615523F-5EA3-412D-AE34-3F3693881911}.Release|Any CPU.Build.0 = Release|Any CPU
		{BC617609-3DB9-4E4B-95AB-A83FF9B713DC}.Debug|Any CPU.ActiveCfg = Debug|Any CPU
		{BC617609-3DB9-4E4B-95AB-A83FF9B713DC}.Debug|Any CPU.Build.0 = Debug|Any CPU
		{BC617609-3DB9-4E4B-95AB-A83FF9B713DC}.Release|Any CPU.ActiveCfg = Release|Any CPU
		{BC617609-3DB9-4E4B-95AB-A83FF9B713DC}.Release|Any CPU.Build.0 = Release|Any CPU
		{CEFA266C-F242-416C-B736-5E0E85663742}.Debug|Any CPU.ActiveCfg = Debug|Any CPU
		{CEFA266C-F242-416C-B736-5E0E85663742}.Debug|Any CPU.Build.0 = Debug|Any CPU
		{CEFA266C-F242-416C-B736-5E0E85663742}.Release|Any CPU.ActiveCfg = Release|Any CPU
		{CEFA266C-F242-416C-B736-5E0E85663742}.Release|Any CPU.Build.0 = Release|Any CPU
		{16F12127-70C5-473C-80DD-C0BA6B36AF90}.Debug|Any CPU.ActiveCfg = Debug|Any CPU
		{16F12127-70C5-473C-80DD-C0BA6B36AF90}.Debug|Any CPU.Build.0 = Debug|Any CPU
		{16F12127-70C5-473C-80DD-C0BA6B36AF90}.Release|Any CPU.ActiveCfg = Release|Any CPU
		{16F12127-70C5-473C-80DD-C0BA6B36AF90}.Release|Any CPU.Build.0 = Release|Any CPU
		{CA056E8E-394B-4A90-9306-67996A8908FC}.Debug|Any CPU.ActiveCfg = Debug|Any CPU
		{CA056E8E-394B-4A90-9306-67996A8908FC}.Debug|Any CPU.Build.0 = Debug|Any CPU
		{CA056E8E-394B-4A90-9306-67996A8908FC}.Release|Any CPU.ActiveCfg = Release|Any CPU
		{CA056E8E-394B-4A90-9306-67996A8908FC}.Release|Any CPU.Build.0 = Release|Any CPU
		{36B3936B-10AA-4899-87AF-06F011EE9F58}.Debug|Any CPU.ActiveCfg = Debug|Any CPU
		{36B3936B-10AA-4899-87AF-06F011EE9F58}.Debug|Any CPU.Build.0 = Debug|Any CPU
		{36B3936B-10AA-4899-87AF-06F011EE9F58}.Release|Any CPU.ActiveCfg = Release|Any CPU
		{36B3936B-10AA-4899-87AF-06F011EE9F58}.Release|Any CPU.Build.0 = Release|Any CPU
		{9DE40A81-9052-49EB-92D0-0403B706633A}.Debug|Any CPU.ActiveCfg = Debug|Any CPU
		{9DE40A81-9052-49EB-92D0-0403B706633A}.Debug|Any CPU.Build.0 = Debug|Any CPU
		{9DE40A81-9052-49EB-92D0-0403B706633A}.Release|Any CPU.ActiveCfg = Release|Any CPU
		{9DE40A81-9052-49EB-92D0-0403B706633A}.Release|Any CPU.Build.0 = Release|Any CPU
		{2445F5FE-F297-40A1-9ABF-0E35E3EC53E4}.Debug|Any CPU.ActiveCfg = Debug|Any CPU
		{2445F5FE-F297-40A1-9ABF-0E35E3EC53E4}.Debug|Any CPU.Build.0 = Debug|Any CPU
		{2445F5FE-F297-40A1-9ABF-0E35E3EC53E4}.Release|Any CPU.ActiveCfg = Release|Any CPU
		{2445F5FE-F297-40A1-9ABF-0E35E3EC53E4}.Release|Any CPU.Build.0 = Release|Any CPU
		{4559D6BA-67E6-474F-B1FE-574C3850359B}.Debug|Any CPU.ActiveCfg = Debug|Any CPU
		{4559D6BA-67E6-474F-B1FE-574C3850359B}.Debug|Any CPU.Build.0 = Debug|Any CPU
		{4559D6BA-67E6-474F-B1FE-574C3850359B}.Release|Any CPU.ActiveCfg = Release|Any CPU
		{4559D6BA-67E6-474F-B1FE-574C3850359B}.Release|Any CPU.Build.0 = Release|Any CPU
		{0951300B-B018-48D8-8C00-30A447CA098C}.Debug|Any CPU.ActiveCfg = Debug|Any CPU
		{0951300B-B018-48D8-8C00-30A447CA098C}.Debug|Any CPU.Build.0 = Debug|Any CPU
		{0951300B-B018-48D8-8C00-30A447CA098C}.Release|Any CPU.ActiveCfg = Release|Any CPU
		{0951300B-B018-48D8-8C00-30A447CA098C}.Release|Any CPU.Build.0 = Release|Any CPU
		{1BAFE339-D335-410D-9087-1F1FD61A1D39}.Debug|Any CPU.ActiveCfg = Debug|Any CPU
		{1BAFE339-D335-410D-9087-1F1FD61A1D39}.Debug|Any CPU.Build.0 = Debug|Any CPU
		{1BAFE339-D335-410D-9087-1F1FD61A1D39}.Release|Any CPU.ActiveCfg = Release|Any CPU
		{1BAFE339-D335-410D-9087-1F1FD61A1D39}.Release|Any CPU.Build.0 = Release|Any CPU
	EndGlobalSection
	GlobalSection(SolutionProperties) = preSolution
		HideSolutionNode = FALSE
	EndGlobalSection
EndGlobal
